Microsoft Visual Studio Solution File, Format Version 12.00
# Visual Studio Version 17
VisualStudioVersion = 17.5.2.0
MinimumVisualStudioVersion = 10.0.40219.1
Project("{FAE04EC0-301F-11D3-BF4B-00C04F79EFBC}") = "RifugioAnimali", "RifugioAnimali\RifugioAnimali.csproj", "{F02F772C-9A45-7843-4902-494E07E52751}"
EndProject
Global
	GlobalSection(SolutionConfigurationPlatforms) = preSolution
		Debug|Any CPU = Debug|Any CPU
		Release|Any CPU = Release|Any CPU
	EndGlobalSection
	GlobalSection(ProjectConfigurationPlatforms) = postSolution
		{F02F772C-9A45-7843-4902-494E07E52751}.Debug|Any CPU.ActiveCfg = Debug|Any CPU
		{F02F772C-9A45-7843-4902-494E07E52751}.Debug|Any CPU.Build.0 = Debug|Any CPU
		{F02F772C-9A45-7843-4902-494E07E52751}.Release|Any CPU.ActiveCfg = Release|Any CPU
		{F02F772C-9A45-7843-4902-494E07E52751}.Release|Any CPU.Build.0 = Release|Any CPU
	EndGlobalSection
	GlobalSection(SolutionProperties) = preSolution
		HideSolutionNode = FALSE
	EndGlobalSection
	GlobalSection(ExtensibilityGlobals) = postSolution
		SolutionGuid = {43D72226-DED8-44AB-ADA5-F91FE2B08A1D}
	EndGlobalSection
EndGlobal
